
Microsoft Visual Studio Solution File, Format Version 12.00
# Visual Studio Version 16
VisualStudioVersion = 16.0.28803.202
MinimumVisualStudioVersion = 10.0.40219.1
Project("{FAE04EC0-301F-11D3-BF4B-00C04F79EFBC}") = "DatabaseFirstEF", "DatabaseFirstEF\DatabaseFirstEF.csproj", "{766D1D38-3EA8-4CC3-A9B1-5BB59D723140}"
EndProject
Global
	GlobalSection(SolutionConfigurationPlatforms) = preSolution
		Debug|Any CPU = Debug|Any CPU
		Release|Any CPU = Release|Any CPU
	EndGlobalSection
	GlobalSection(ProjectConfigurationPlatforms) = postSolution
		{766D1D38-3EA8-4CC3-A9B1-5BB59D723140}.Debug|Any CPU.ActiveCfg = Debug|Any CPU
		{766D1D38-3EA8-4CC3-A9B1-5BB59D723140}.Debug|Any CPU.Build.0 = Debug|Any CPU
		{766D1D38-3EA8-4CC3-A9B1-5BB59D723140}.Release|Any CPU.ActiveCfg = Release|Any CPU
		{766D1D38-3EA8-4CC3-A9B1-5BB59D723140}.Release|Any CPU.Build.0 = Release|Any CPU
	EndGlobalSection
	GlobalSection(SolutionProperties) = preSolution
		HideSolutionNode = FALSE
	EndGlobalSection
	GlobalSection(ExtensibilityGlobals) = postSolution
		SolutionGuid = {CDF62AC8-D0EA-48FA-A7EA-E814E06E2C1A}
	EndGlobalSection
EndGlobal
